
Microsoft Visual Studio Solution File, Format Version 12.00
# Visual Studio Version 17
VisualStudioVersion = 17.14.36518.9
MinimumVisualStudioVersion = 10.0.40219.1
Project("{FAE04EC0-301F-11D3-BF4B-00C04F79EFBC}") = "Observer.Api", "Observer.Api.csproj", "{723E76AF-C5DC-4601-AD6E-979BA4ADACE6}"
EndProject
Project("{FAE04EC0-301F-11D3-BF4B-00C04F79EFBC}") = "Contracts", "..\Contracts\Contracts.csproj", "{DFE9835D-BFDE-0D0C-75EF-CA5F0CBE0DAD}"
EndProject
Project("{FAE04EC0-301F-11D3-BF4B-00C04F79EFBC}") = "IdentityDomain", "..\IdentityDomain\IdentityDomain.csproj", "{C363732A-E98B-26A5-0679-0E05BFE85D45}"
EndProject
Project("{FAE04EC0-301F-11D3-BF4B-00C04F79EFBC}") = "Observer.Shared", "..\Observer.Shared\Observer.Shared.csproj", "{AB4FB5B2-FE11-A54D-8F86-26B43C765906}"
EndProject
Global
	GlobalSection(SolutionConfigurationPlatforms) = preSolution
		Debug|Any CPU = Debug|Any CPU
		Release|Any CPU = Release|Any CPU
	EndGlobalSection
	GlobalSection(ProjectConfigurationPlatforms) = postSolution
		{723E76AF-C5DC-4601-AD6E-979BA4ADACE6}.Debug|Any CPU.ActiveCfg = Debug|Any CPU
		{723E76AF-C5DC-4601-AD6E-979BA4ADACE6}.Debug|Any CPU.Build.0 = Debug|Any CPU
		{723E76AF-C5DC-4601-AD6E-979BA4ADACE6}.Release|Any CPU.ActiveCfg = Release|Any CPU
		{723E76AF-C5DC-4601-AD6E-979BA4ADACE6}.Release|Any CPU.Build.0 = Release|Any CPU
		{DFE9835D-BFDE-0D0C-75EF-CA5F0CBE0DAD}.Debug|Any CPU.ActiveCfg = Debug|Any CPU
		{DFE9835D-BFDE-0D0C-75EF-CA5F0CBE0DAD}.Debug|Any CPU.Build.0 = Debug|Any CPU
		{DFE9835D-BFDE-0D0C-75EF-CA5F0CBE0DAD}.Release|Any CPU.ActiveCfg = Release|Any CPU
		{DFE9835D-BFDE-0D0C-75EF-CA5F0CBE0DAD}.Release|Any CPU.Build.0 = Release|Any CPU
		{C363732A-E98B-26A5-0679-0E05BFE85D45}.Debug|Any CPU.ActiveCfg = Debug|Any CPU
		{C363732A-E98B-26A5-0679-0E05BFE85D45}.Debug|Any CPU.Build.0 = Debug|Any CPU
		{C363732A-E98B-26A5-0679-0E05BFE85D45}.Release|Any CPU.ActiveCfg = Release|Any CPU
		{C363732A-E98B-26A5-0679-0E05BFE85D45}.Release|Any CPU.Build.0 = Release|Any CPU
		{AB4FB5B2-FE11-A54D-8F86-26B43C765906}.Debug|Any CPU.ActiveCfg = Debug|Any CPU
		{AB4FB5B2-FE11-A54D-8F86-26B43C765906}.Debug|Any CPU.Build.0 = Debug|Any CPU
		{AB4FB5B2-FE11-A54D-8F86-26B43C765906}.Release|Any CPU.ActiveCfg = Release|Any CPU
		{AB4FB5B2-FE11-A54D-8F86-26B43C765906}.Release|Any CPU.Build.0 = Release|Any CPU
	EndGlobalSection
	GlobalSection(SolutionProperties) = preSolution
		HideSolutionNode = FALSE
	EndGlobalSection
	GlobalSection(ExtensibilityGlobals) = postSolution
		SolutionGuid = {BF9DE4E2-0AC4-4450-AE49-7764FDF26FAD}
	EndGlobalSection
EndGlobal
