
Microsoft Visual Studio Solution File, Format Version 12.00
# Visual Studio Version 17
VisualStudioVersion = 17.14.36518.9 d17.14
MinimumVisualStudioVersion = 10.0.40219.1
Project("{FAE04EC0-301F-11D3-BF4B-00C04F79EFBC}") = "Hunter.Shared", "Hunter.Shared.csproj", "{20ACFAF7-22B2-4D47-9907-1FC82F420CF6}"
EndProject
Global
	GlobalSection(SolutionConfigurationPlatforms) = preSolution
		Debug|Any CPU = Debug|Any CPU
		Release|Any CPU = Release|Any CPU
	EndGlobalSection
	GlobalSection(ProjectConfigurationPlatforms) = postSolution
		{20ACFAF7-22B2-4D47-9907-1FC82F420CF6}.Debug|Any CPU.ActiveCfg = Debug|Any CPU
		{20ACFAF7-22B2-4D47-9907-1FC82F420CF6}.Debug|Any CPU.Build.0 = Debug|Any CPU
		{20ACFAF7-22B2-4D47-9907-1FC82F420CF6}.Release|Any CPU.ActiveCfg = Release|Any CPU
		{20ACFAF7-22B2-4D47-9907-1FC82F420CF6}.Release|Any CPU.Build.0 = Release|Any CPU
	EndGlobalSection
	GlobalSection(SolutionProperties) = preSolution
		HideSolutionNode = FALSE
	EndGlobalSection
	GlobalSection(ExtensibilityGlobals) = postSolution
		SolutionGuid = {ACB0A814-5336-44CB-B27B-11118C5FBD9F}
	EndGlobalSection
EndGlobal
